
Microsoft Visual Studio Solution File, Format Version 12.00
# Visual Studio Version 17
VisualStudioVersion = 17.12.35521.163
MinimumVisualStudioVersion = 10.0.40219.1
Project("{FAE04EC0-301F-11D3-BF4B-00C04F79EFBC}") = "Data_Access", "DAL\Data_Access\Data_Access.csproj", "{18675AD1-A23E-4E5B-9B25-88B2CCC058DA}"
EndProject
Project("{FAE04EC0-301F-11D3-BF4B-00C04F79EFBC}") = "CA_Test", "CA_Test\CA_Test.csproj", "{15023E41-CBB3-4F9D-A740-693918E89BDE}"
EndProject
Global
	GlobalSection(SolutionConfigurationPlatforms) = preSolution
		Debug|Any CPU = Debug|Any CPU
		Release|Any CPU = Release|Any CPU
	EndGlobalSection
	GlobalSection(ProjectConfigurationPlatforms) = postSolution
		{18675AD1-A23E-4E5B-9B25-88B2CCC058DA}.Debug|Any CPU.ActiveCfg = Debug|Any CPU
		{18675AD1-A23E-4E5B-9B25-88B2CCC058DA}.Debug|Any CPU.Build.0 = Debug|Any CPU
		{18675AD1-A23E-4E5B-9B25-88B2CCC058DA}.Release|Any CPU.ActiveCfg = Release|Any CPU
		{18675AD1-A23E-4E5B-9B25-88B2CCC058DA}.Release|Any CPU.Build.0 = Release|Any CPU
		{15023E41-CBB3-4F9D-A740-693918E89BDE}.Debug|Any CPU.ActiveCfg = Debug|Any CPU
		{15023E41-CBB3-4F9D-A740-693918E89BDE}.Debug|Any CPU.Build.0 = Debug|Any CPU
		{15023E41-CBB3-4F9D-A740-693918E89BDE}.Release|Any CPU.ActiveCfg = Release|Any CPU
		{15023E41-CBB3-4F9D-A740-693918E89BDE}.Release|Any CPU.Build.0 = Release|Any CPU
	EndGlobalSection
	GlobalSection(SolutionProperties) = preSolution
		HideSolutionNode = FALSE
	EndGlobalSection
EndGlobal
